
Microsoft Visual Studio Solution File, Format Version 12.00
# Visual Studio Version 17
VisualStudioVersion = 17.3.32922.545
MinimumVisualStudioVersion = 10.0.40219.1
Project("{FAE04EC0-301F-11D3-BF4B-00C04F79EFBC}") = "Gridview", "Gridview\Gridview.csproj", "{7FB2E6A0-3A9F-4CD0-9DCA-7BBA7A76A306}"
EndProject
Global
	GlobalSection(SolutionConfigurationPlatforms) = preSolution
		Debug|Any CPU = Debug|Any CPU
		Release|Any CPU = Release|Any CPU
	EndGlobalSection
	GlobalSection(ProjectConfigurationPlatforms) = postSolution
		{7FB2E6A0-3A9F-4CD0-9DCA-7BBA7A76A306}.Debug|Any CPU.ActiveCfg = Debug|Any CPU
		{7FB2E6A0-3A9F-4CD0-9DCA-7BBA7A76A306}.Debug|Any CPU.Build.0 = Debug|Any CPU
		{7FB2E6A0-3A9F-4CD0-9DCA-7BBA7A76A306}.Release|Any CPU.ActiveCfg = Release|Any CPU
		{7FB2E6A0-3A9F-4CD0-9DCA-7BBA7A76A306}.Release|Any CPU.Build.0 = Release|Any CPU
	EndGlobalSection
	GlobalSection(SolutionProperties) = preSolution
		HideSolutionNode = FALSE
	EndGlobalSection
	GlobalSection(ExtensibilityGlobals) = postSolution
		SolutionGuid = {15A75A2E-9B89-499A-9EAF-F4E16998EFD3}
	EndGlobalSection
EndGlobal
